
Microsoft Visual Studio Solution File, Format Version 12.00
# Visual Studio Version 16
VisualStudioVersion = 16.0.31911.196
MinimumVisualStudioVersion = 10.0.40219.1
Project("{FAE04EC0-301F-11D3-BF4B-00C04F79EFBC}") = "WinIO", "WinIO\WinIO.csproj", "{B7806CDC-7C89-4B80-AF8D-D0311C17DE4A}"
EndProject
Global
	GlobalSection(SolutionConfigurationPlatforms) = preSolution
		Debug|Any CPU = Debug|Any CPU
		Release|Any CPU = Release|Any CPU
	EndGlobalSection
	GlobalSection(ProjectConfigurationPlatforms) = postSolution
		{B7806CDC-7C89-4B80-AF8D-D0311C17DE4A}.Debug|Any CPU.ActiveCfg = Debug|Any CPU
		{B7806CDC-7C89-4B80-AF8D-D0311C17DE4A}.Debug|Any CPU.Build.0 = Debug|Any CPU
		{B7806CDC-7C89-4B80-AF8D-D0311C17DE4A}.Release|Any CPU.ActiveCfg = Release|Any CPU
		{B7806CDC-7C89-4B80-AF8D-D0311C17DE4A}.Release|Any CPU.Build.0 = Release|Any CPU
	EndGlobalSection
	GlobalSection(SolutionProperties) = preSolution
		HideSolutionNode = FALSE
	EndGlobalSection
	GlobalSection(ExtensibilityGlobals) = postSolution
		SolutionGuid = {2E9FDD91-975F-4529-9C9E-98F82F9A410C}
	EndGlobalSection
EndGlobal
